
Microsoft Visual Studio Solution File, Format Version 12.00
# Visual Studio Version 17
VisualStudioVersion = 17.4.33213.308
MinimumVisualStudioVersion = 10.0.40219.1
Project("{9A19103F-16F7-4668-BE54-9A1E7A4F7556}") = "Listas", "Listas\Listas.csproj", "{C77D805D-0EBC-4B55-AACD-0BCB34093CD6}"
EndProject
Project("{9A19103F-16F7-4668-BE54-9A1E7A4F7556}") = "Arrays", "Arrays\Arrays.csproj", "{BC071BC6-B87E-4CD0-9850-BE30DF44E2FC}"
EndProject
Project("{9A19103F-16F7-4668-BE54-9A1E7A4F7556}") = "ListasDeObjetos", "ListasDeObjetos\ListasDeObjetos.csproj", "{AE71EC20-43B6-45BF-B5C9-1D2089A427FE}"
EndProject
Project("{9A19103F-16F7-4668-BE54-9A1E7A4F7556}") = "ListaSomenteLeitura", "ListaSomenteLeitura\ListaSomenteLeitura.csproj", "{2EBD974D-B9DC-4656-B118-C90C20948B12}"
EndProject
Project("{FAE04EC0-301F-11D3-BF4B-00C04F79EFBC}") = "Conjuntos", "Conjuntos\Conjuntos.csproj", "{0F4C7425-B62A-44E3-A120-6255449C6328}"
EndProject
Global
	GlobalSection(SolutionConfigurationPlatforms) = preSolution
		Debug|Any CPU = Debug|Any CPU
		Release|Any CPU = Release|Any CPU
	EndGlobalSection
	GlobalSection(ProjectConfigurationPlatforms) = postSolution
		{C77D805D-0EBC-4B55-AACD-0BCB34093CD6}.Debug|Any CPU.ActiveCfg = Debug|Any CPU
		{C77D805D-0EBC-4B55-AACD-0BCB34093CD6}.Debug|Any CPU.Build.0 = Debug|Any CPU
		{C77D805D-0EBC-4B55-AACD-0BCB34093CD6}.Release|Any CPU.ActiveCfg = Release|Any CPU
		{C77D805D-0EBC-4B55-AACD-0BCB34093CD6}.Release|Any CPU.Build.0 = Release|Any CPU
		{BC071BC6-B87E-4CD0-9850-BE30DF44E2FC}.Debug|Any CPU.ActiveCfg = Debug|Any CPU
		{BC071BC6-B87E-4CD0-9850-BE30DF44E2FC}.Debug|Any CPU.Build.0 = Debug|Any CPU
		{BC071BC6-B87E-4CD0-9850-BE30DF44E2FC}.Release|Any CPU.ActiveCfg = Release|Any CPU
		{BC071BC6-B87E-4CD0-9850-BE30DF44E2FC}.Release|Any CPU.Build.0 = Release|Any CPU
		{AE71EC20-43B6-45BF-B5C9-1D2089A427FE}.Debug|Any CPU.ActiveCfg = Debug|Any CPU
		{AE71EC20-43B6-45BF-B5C9-1D2089A427FE}.Debug|Any CPU.Build.0 = Debug|Any CPU
		{AE71EC20-43B6-45BF-B5C9-1D2089A427FE}.Release|Any CPU.ActiveCfg = Release|Any CPU
		{AE71EC20-43B6-45BF-B5C9-1D2089A427FE}.Release|Any CPU.Build.0 = Release|Any CPU
		{2EBD974D-B9DC-4656-B118-C90C20948B12}.Debug|Any CPU.ActiveCfg = Debug|Any CPU
		{2EBD974D-B9DC-4656-B118-C90C20948B12}.Debug|Any CPU.Build.0 = Debug|Any CPU
		{2EBD974D-B9DC-4656-B118-C90C20948B12}.Release|Any CPU.ActiveCfg = Release|Any CPU
		{2EBD974D-B9DC-4656-B118-C90C20948B12}.Release|Any CPU.Build.0 = Release|Any CPU
		{0F4C7425-B62A-44E3-A120-6255449C6328}.Debug|Any CPU.ActiveCfg = Debug|Any CPU
		{0F4C7425-B62A-44E3-A120-6255449C6328}.Debug|Any CPU.Build.0 = Debug|Any CPU
		{0F4C7425-B62A-44E3-A120-6255449C6328}.Release|Any CPU.ActiveCfg = Release|Any CPU
		{0F4C7425-B62A-44E3-A120-6255449C6328}.Release|Any CPU.Build.0 = Release|Any CPU
	EndGlobalSection
	GlobalSection(SolutionProperties) = preSolution
		HideSolutionNode = FALSE
	EndGlobalSection
	GlobalSection(ExtensibilityGlobals) = postSolution
		SolutionGuid = {5C540C13-7DE5-4F86-9A4E-1F739819CD0D}
	EndGlobalSection
EndGlobal
