
Microsoft Visual Studio Solution File, Format Version 12.00
# Visual Studio Version 17
VisualStudioVersion = 17.4.33213.308
MinimumVisualStudioVersion = 10.0.40219.1
Project("{9A19103F-16F7-4668-BE54-9A1E7A4F7556}") = "Listas", "Listas\Listas.csproj", "{C77D805D-0EBC-4B55-AACD-0BCB34093CD6}"
EndProject
Project("{9A19103F-16F7-4668-BE54-9A1E7A4F7556}") = "Arrays", "Arrays\Arrays.csproj", "{BC071BC6-B87E-4CD0-9850-BE30DF44E2FC}"
EndProject
Project("{9A19103F-16F7-4668-BE54-9A1E7A4F7556}") = "ListasDeObjetos", "ListasDeObjetos\ListasDeObjetos.csproj", "{AE71EC20-43B6-45BF-B5C9-1D2089A427FE}"
EndProject
Project("{9A19103F-16F7-4668-BE54-9A1E7A4F7556}") = "ListaSomenteLeitura", "ListaSomenteLeitura\ListaSomenteLeitura.csproj", "{2EBD974D-B9DC-4656-B118-C90C20948B12}"
EndProject
Project("{9A19103F-16F7-4668-BE54-9A1E7A4F7556}") = "Conjuntos", "Conjuntos\Conjuntos.csproj", "{0F4C7425-B62A-44E3-A120-6255449C6328}"
EndProject
Project("{9A19103F-16F7-4668-BE54-9A1E7A4F7556}") = "ListasLigadas", "ListasLigadas\ListasLigadas.csproj", "{3266883B-9AA2-4222-A482-734B14FCF5B2}"
EndProject
Project("{9A19103F-16F7-4668-BE54-9A1E7A4F7556}") = "Pilhas", "Pilhas\Pilhas.csproj", "{BDF9BA91-5930-4142-937D-C40552892A9F}"
EndProject
Project("{9A19103F-16F7-4668-BE54-9A1E7A4F7556}") = "Filas", "Filas\Filas.csproj", "{98E46CDF-7981-49E8-8BCD-744926493B66}"
EndProject
Project("{9A19103F-16F7-4668-BE54-9A1E7A4F7556}") = "ListasClassificadas", "ListasClassificadas\ListasClassificadas.csproj", "{F9AD5738-630E-49D5-A0B7-9A690C6B4DD7}"
EndProject
Project("{9A19103F-16F7-4668-BE54-9A1E7A4F7556}") = "SortedDictionary", "SortedDictionary\SortedDictionary.csproj", "{0E7464BC-26A0-4A2C-81EA-2EAD554EF37F}"
EndProject
Project("{9A19103F-16F7-4668-BE54-9A1E7A4F7556}") = "SortedSet", "SortedSet\SortedSet.csproj", "{1FC1B5FD-3684-4BB6-B11A-15ED77B087F7}"
EndProject
Project("{FAE04EC0-301F-11D3-BF4B-00C04F79EFBC}") = "ArraysMultidimensionais", "ArraysMultidimensionais\ArraysMultidimensionais.csproj", "{38ACC0FE-15E7-493B-ADF7-792573220BDD}"
EndProject
Global
	GlobalSection(SolutionConfigurationPlatforms) = preSolution
		Debug|Any CPU = Debug|Any CPU
		Release|Any CPU = Release|Any CPU
	EndGlobalSection
	GlobalSection(ProjectConfigurationPlatforms) = postSolution
		{C77D805D-0EBC-4B55-AACD-0BCB34093CD6}.Debug|Any CPU.ActiveCfg = Debug|Any CPU
		{C77D805D-0EBC-4B55-AACD-0BCB34093CD6}.Debug|Any CPU.Build.0 = Debug|Any CPU
		{C77D805D-0EBC-4B55-AACD-0BCB34093CD6}.Release|Any CPU.ActiveCfg = Release|Any CPU
		{C77D805D-0EBC-4B55-AACD-0BCB34093CD6}.Release|Any CPU.Build.0 = Release|Any CPU
		{BC071BC6-B87E-4CD0-9850-BE30DF44E2FC}.Debug|Any CPU.ActiveCfg = Debug|Any CPU
		{BC071BC6-B87E-4CD0-9850-BE30DF44E2FC}.Debug|Any CPU.Build.0 = Debug|Any CPU
		{BC071BC6-B87E-4CD0-9850-BE30DF44E2FC}.Release|Any CPU.ActiveCfg = Release|Any CPU
		{BC071BC6-B87E-4CD0-9850-BE30DF44E2FC}.Release|Any CPU.Build.0 = Release|Any CPU
		{AE71EC20-43B6-45BF-B5C9-1D2089A427FE}.Debug|Any CPU.ActiveCfg = Debug|Any CPU
		{AE71EC20-43B6-45BF-B5C9-1D2089A427FE}.Debug|Any CPU.Build.0 = Debug|Any CPU
		{AE71EC20-43B6-45BF-B5C9-1D2089A427FE}.Release|Any CPU.ActiveCfg = Release|Any CPU
		{AE71EC20-43B6-45BF-B5C9-1D2089A427FE}.Release|Any CPU.Build.0 = Release|Any CPU
		{2EBD974D-B9DC-4656-B118-C90C20948B12}.Debug|Any CPU.ActiveCfg = Debug|Any CPU
		{2EBD974D-B9DC-4656-B118-C90C20948B12}.Debug|Any CPU.Build.0 = Debug|Any CPU
		{2EBD974D-B9DC-4656-B118-C90C20948B12}.Release|Any CPU.ActiveCfg = Release|Any CPU
		{2EBD974D-B9DC-4656-B118-C90C20948B12}.Release|Any CPU.Build.0 = Release|Any CPU
		{0F4C7425-B62A-44E3-A120-6255449C6328}.Debug|Any CPU.ActiveCfg = Debug|Any CPU
		{0F4C7425-B62A-44E3-A120-6255449C6328}.Debug|Any CPU.Build.0 = Debug|Any CPU
		{0F4C7425-B62A-44E3-A120-6255449C6328}.Release|Any CPU.ActiveCfg = Release|Any CPU
		{0F4C7425-B62A-44E3-A120-6255449C6328}.Release|Any CPU.Build.0 = Release|Any CPU
		{3266883B-9AA2-4222-A482-734B14FCF5B2}.Debug|Any CPU.ActiveCfg = Debug|Any CPU
		{3266883B-9AA2-4222-A482-734B14FCF5B2}.Debug|Any CPU.Build.0 = Debug|Any CPU
		{3266883B-9AA2-4222-A482-734B14FCF5B2}.Release|Any CPU.ActiveCfg = Release|Any CPU
		{3266883B-9AA2-4222-A482-734B14FCF5B2}.Release|Any CPU.Build.0 = Release|Any CPU
		{BDF9BA91-5930-4142-937D-C40552892A9F}.Debug|Any CPU.ActiveCfg = Debug|Any CPU
		{BDF9BA91-5930-4142-937D-C40552892A9F}.Debug|Any CPU.Build.0 = Debug|Any CPU
		{BDF9BA91-5930-4142-937D-C40552892A9F}.Release|Any CPU.ActiveCfg = Release|Any CPU
		{BDF9BA91-5930-4142-937D-C40552892A9F}.Release|Any CPU.Build.0 = Release|Any CPU
		{98E46CDF-7981-49E8-8BCD-744926493B66}.Debug|Any CPU.ActiveCfg = Debug|Any CPU
		{98E46CDF-7981-49E8-8BCD-744926493B66}.Debug|Any CPU.Build.0 = Debug|Any CPU
		{98E46CDF-7981-49E8-8BCD-744926493B66}.Release|Any CPU.ActiveCfg = Release|Any CPU
		{98E46CDF-7981-49E8-8BCD-744926493B66}.Release|Any CPU.Build.0 = Release|Any CPU
		{F9AD5738-630E-49D5-A0B7-9A690C6B4DD7}.Debug|Any CPU.ActiveCfg = Debug|Any CPU
		{F9AD5738-630E-49D5-A0B7-9A690C6B4DD7}.Debug|Any CPU.Build.0 = Debug|Any CPU
		{F9AD5738-630E-49D5-A0B7-9A690C6B4DD7}.Release|Any CPU.ActiveCfg = Release|Any CPU
		{F9AD5738-630E-49D5-A0B7-9A690C6B4DD7}.Release|Any CPU.Build.0 = Release|Any CPU
		{0E7464BC-26A0-4A2C-81EA-2EAD554EF37F}.Debug|Any CPU.ActiveCfg = Debug|Any CPU
		{0E7464BC-26A0-4A2C-81EA-2EAD554EF37F}.Debug|Any CPU.Build.0 = Debug|Any CPU
		{0E7464BC-26A0-4A2C-81EA-2EAD554EF37F}.Release|Any CPU.ActiveCfg = Release|Any CPU
		{0E7464BC-26A0-4A2C-81EA-2EAD554EF37F}.Release|Any CPU.Build.0 = Release|Any CPU
		{1FC1B5FD-3684-4BB6-B11A-15ED77B087F7}.Debug|Any CPU.ActiveCfg = Debug|Any CPU
		{1FC1B5FD-3684-4BB6-B11A-15ED77B087F7}.Debug|Any CPU.Build.0 = Debug|Any CPU
		{1FC1B5FD-3684-4BB6-B11A-15ED77B087F7}.Release|Any CPU.ActiveCfg = Release|Any CPU
		{1FC1B5FD-3684-4BB6-B11A-15ED77B087F7}.Release|Any CPU.Build.0 = Release|Any CPU
		{38ACC0FE-15E7-493B-ADF7-792573220BDD}.Debug|Any CPU.ActiveCfg = Debug|Any CPU
		{38ACC0FE-15E7-493B-ADF7-792573220BDD}.Debug|Any CPU.Build.0 = Debug|Any CPU
		{38ACC0FE-15E7-493B-ADF7-792573220BDD}.Release|Any CPU.ActiveCfg = Release|Any CPU
		{38ACC0FE-15E7-493B-ADF7-792573220BDD}.Release|Any CPU.Build.0 = Release|Any CPU
	EndGlobalSection
	GlobalSection(SolutionProperties) = preSolution
		HideSolutionNode = FALSE
	EndGlobalSection
	GlobalSection(ExtensibilityGlobals) = postSolution
		SolutionGuid = {5C540C13-7DE5-4F86-9A4E-1F739819CD0D}
	EndGlobalSection
EndGlobal
